
Microsoft Visual Studio Solution File, Format Version 12.00
# Visual Studio Version 17
VisualStudioVersion = 17.12.35527.113
MinimumVisualStudioVersion = 10.0.40219.1
Project("{FAE04EC0-301F-11D3-BF4B-00C04F79EFBC}") = "TaskManager", "TaskManager.csproj", "{774FC60C-9C89-4D93-AA38-6F0BC6C88492}"
EndProject
Project("{FAE04EC0-301F-11D3-BF4B-00C04F79EFBC}") = "TaskManager.Tests", "..\TaskManager.Tests\TaskManager.Tests.csproj", "{BD9F25ED-1C82-49C9-A2BB-5E9437D80F06}"
EndProject
Project("{FAE04EC0-301F-11D3-BF4B-00C04F79EFBC}") = "TaskManager.Worker", "..\TaskManager.Worker\TaskManager.Worker.csproj", "{8B264AFD-AF00-42D2-AF0A-83743AE7EB8B}"
EndProject
Global
	GlobalSection(SolutionConfigurationPlatforms) = preSolution
		Debug|Any CPU = Debug|Any CPU
		Release|Any CPU = Release|Any CPU
	EndGlobalSection
	GlobalSection(ProjectConfigurationPlatforms) = postSolution
		{774FC60C-9C89-4D93-AA38-6F0BC6C88492}.Debug|Any CPU.ActiveCfg = Debug|Any CPU
		{774FC60C-9C89-4D93-AA38-6F0BC6C88492}.Debug|Any CPU.Build.0 = Debug|Any CPU
		{774FC60C-9C89-4D93-AA38-6F0BC6C88492}.Release|Any CPU.ActiveCfg = Release|Any CPU
		{774FC60C-9C89-4D93-AA38-6F0BC6C88492}.Release|Any CPU.Build.0 = Release|Any CPU
		{BD9F25ED-1C82-49C9-A2BB-5E9437D80F06}.Debug|Any CPU.ActiveCfg = Debug|Any CPU
		{BD9F25ED-1C82-49C9-A2BB-5E9437D80F06}.Debug|Any CPU.Build.0 = Debug|Any CPU
		{BD9F25ED-1C82-49C9-A2BB-5E9437D80F06}.Release|Any CPU.ActiveCfg = Release|Any CPU
		{BD9F25ED-1C82-49C9-A2BB-5E9437D80F06}.Release|Any CPU.Build.0 = Release|Any CPU
		{8B264AFD-AF00-42D2-AF0A-83743AE7EB8B}.Debug|Any CPU.ActiveCfg = Debug|Any CPU
		{8B264AFD-AF00-42D2-AF0A-83743AE7EB8B}.Debug|Any CPU.Build.0 = Debug|Any CPU
		{8B264AFD-AF00-42D2-AF0A-83743AE7EB8B}.Release|Any CPU.ActiveCfg = Release|Any CPU
		{8B264AFD-AF00-42D2-AF0A-83743AE7EB8B}.Release|Any CPU.Build.0 = Release|Any CPU
	EndGlobalSection
	GlobalSection(SolutionProperties) = preSolution
		HideSolutionNode = FALSE
	EndGlobalSection
EndGlobal
